version = 1
revision = 3
requires-python = ">=3.10, <4.0"
resolution-markers = [
    "python_full_version >= '3.14'",
    "python_full_version >= '3.11' and python_full_version < '3.14'",
    "python_full_version < '3.11'",
]

[[package]]
name = "aiohappyeyeballs"
version = "2.6.1"
source = { registry = "https://pypi.org/simple" }
sdist = { url = "https://files.pythonhosted.org/packages/26/30/f84a107a9c4331c14b2b586036f40965c128aa4fee4dda5d3d51cb14ad54/aiohappyeyeballs-2.6.1.tar.gz", hash = "sha256:c3f9d0113123803ccadfdf3f0faa505bc78e6a72d1cc4806cbd719826e943558", size = 22760, upload-time = "2025-03-12T01:42:48.764Z" }
wheels = [
    { url = "https://files.pythonhosted.org/packages/0f/15/5bf3b99495fb160b63f95972b81750f18f7f4e02ad051373b669d17d44f2/aiohappyeyeballs-2.6.1-py3-none-any.whl", hash = "sha256:f349ba8f4b75cb25c99c5c2d84e997e485204d2902a9597802b0371f09331fb8", size = 15265, upload-time = "2025-03-12T01:42:47.083Z" },
]

[[package]]
name = "aiohttp"
version = "3.13.5"
source = { registry = "https://pypi.org/simple" }
dependencies = [
    { name = "aiohappyeyeballs" },
    { name = "aiosignal" },
    { name = "async-timeout", marker = "python_full_version < '3.11'" },
    { name = "attrs" },
    { name = "frozenlist" },
    { name = "multidict" },
    { name = "propcache" },
    { name = "yarl" },
]
sdist = { url = "https://files.pythonhosted.org/packages/77/9a/152096d4808df8e4268befa55fba462f440f14beab85e8ad9bf990516918/aiohttp-3.13.5.tar.gz", hash = "sha256:9d98cc980ecc96be6eb4c1994ce35d28d8b1f5e5208a23b421187d1209dbb7d1", size = 7858271, upload-time = "2026-03-31T22:01:03.343Z" }
wheels = [
    { url = "https://files.pythonhosted.org/packages/bd/85/cebc47ee74d8b408749073a1a46c6fcba13d170dc8af7e61996c6c9394ac/aiohttp-3.13.5-cp310-cp310-macosx_10_9_universal2.whl", hash = "sha256:02222e7e233295f40e011c1b00e3b0bd451f22cf853a0304c3595633ee47da4b", size = 750547, upload-time = "2026-03-31T21:56:30.024Z" },
    { url = "https://files.pythonhosted.org/packages/05/98/afd308e35b9d3d8c9ec54c0918f1d722c86dc17ddfec272fcdbcce5a3124/aiohttp-3.13.5-cp310-cp310-macosx_10_9_x86_64.whl", hash = "sha256:bace460460ed20614fa6bc8cb09966c0b8517b8c58ad8046828c6078d25333b5", size = 503535, upload-time = "2026-03-31T21:56:31.935Z" },
    { url = "https://files.pythonhosted.org/packages/6f/4d/926c183e06b09d5270a309eb50fbde7b09782bfd305dec1e800f329834fb/aiohttp-3.13.5-cp310-cp310-macosx_11_0_arm64.whl", hash = "sha256:8f546a4dc1e6a5edbb9fd1fd6ad18134550e096a5a43f4ad74acfbd834fc6670", size = 497830, upload-time = "2026-03-31T21:56:33.654Z" },
    { url = "https://files.pythonhosted.org/packages/e4/d6/f47d1c690f115a5c2a5e8938cce4a232a5be9aac5c5fb2647efcbbbda333/aiohttp-3.13.5-cp310-cp310-manylinux2014_aarch64.manylinux_2_17_aarch64.manylinux_2_28_aarch64.whl", hash = "sha256:c86969d012e51b8e415a8c6ce96f7857d6a87d6207303ab02d5d11ef0cad2274", size = 1682474, upload-time = "2026-03-31T21:56:35.513Z" },
    { url = "https://files.pythonhosted.org/packages/01/44/056fd37b1bb52eac760303e5196acc74d9d546631b035704ae5927f7b4ac/aiohttp-3.13.5-cp310-cp310-manylinux2014_armv7l.manylinux_2_17_armv7l.manylinux_2_31_armv7l.whl", hash = "sha256:b6f6cd1560c5fa427e3b6074bb24d2c64e225afbb7165008903bd42e4e33e28a", size = 1655259, upload-time = "2026-03-31T21:56:37.843Z" },
    { url = "https://files.pythonhosted.org/packages/91/9f/78eb1a20c1c28ae02f6a3c0f4d7b0dcc66abce5290cadd53d78ce3084175/aiohttp-3.13.5-cp310-cp310-manylinux2014_ppc64le.manylinux_2_17_ppc64le.manylinux_2_28_ppc64le.whl", hash = "sha256:636bc362f0c5bbc7372bc3ae49737f9e3030dbce469f0f422c8f38079780363d", size = 1736204, upload-time = "2026-03-31T21:56:39.822Z" },
    { url = "https://files.pythonhosted.org/packages/de/6c/d20d7de23f0b52b8c1d9e2033b2db1ac4dacbb470bb74c56de0f5f86bb4f/aiohttp-3.13.5-cp310-cp310-manylinux2014_s390x.manylinux_2_17_s390x.manylinux_2_28_s390x.whl", hash = "sha256:6a7cbeb06d1070f1d14895eeeed4dac5913b22d7b456f2eb969f11f4b3993796", size = 1826198, upload-time = "2026-03-31T21:56:41.378Z" },
    { url = "https://files.pythonhosted.org/packages/2f/86/a6f3ff1fd795f49545a7c74b2c92f62729135d73e7e4055bf74da5a26c82/aiohttp-3.13.5-cp310-cp310-manylinux2014_x86_64.manylinux_2_17_x86_64.manylinux_2_28_x86_64.whl", hash = "sha256:bca9ef7517fd7874a1a08970ae88f497bf5c984610caa0bf40bd7e8450852b95", size = 1681329, upload-time = "2026-03-31T21:56:43.374Z" },
    { url = "https://files.pythonhosted.org/packages/fb/68/84cd3dab6b7b4f3e6fe9459a961acb142aaab846417f6e8905110d7027e5/aiohttp-3.13.5-cp310-cp310-manylinux_2_31_riscv64.manylinux_2_39_riscv64.whl", hash = "sha256:019a67772e034a0e6b9b17c13d0a8fe56ad9fb150fc724b7f3ffd3724288d9e5", size = 1560023, upload-time = "2026-03-31T21:56:45.031Z" },
    { url = "https://files.pythonhosted.org/packages/41/2c/db61b64b0249e30f954a65ab4cb4970ced57544b1de2e3c98ee5dc24165f/aiohttp-3.13.5-cp310-cp310-musllinux_1_2_aarch64.whl", hash = "sha256:f34ecee82858e41dd217734f0c41a532bd066bcaab636ad830f03a30b2a96f2a", size = 1652372, upload-time = "2026-03-31T21:56:47.075Z" },
    { url = "https://files.pythonhosted.org/packages/25/6f/e96988a6c982d047810c772e28c43c64c300c943b0ed5c1c0c4ce1e1027c/aiohttp-3.13.5-cp310-cp310-musllinux_1_2_armv7l.whl", hash = "sha256:4eac02d9af4813ee289cd63a361576da36dba57f5a1ab36377bc2600db0cbb73", size = 1662031, upload-time = "2026-03-31T21:56:48.835Z" },
    { url = "https://files.pythonhosted.org/packages/b7/26/a56feace81f3d347b4052403a9d03754a0ab23f7940780dada0849a38c92/aiohttp-3.13.5-cp310-cp310-musllinux_1_2_ppc64le.whl", hash = "sha256:4beac52e9fe46d6abf98b0176a88154b742e878fdf209d2248e99fcdf73cd297", size = 1708118, upload-time = "2026-03-31T21:56:50.833Z" },
    { url = "https://files.pythonhosted.org/packages/78/6e/b6173a8ff03d01d5e1a694bc06764b5dad1df2d4ed8f0ceec12bb3277936/aiohttp-3.13.5-cp310-cp310-musllinux_1_2_riscv64.whl", hash = "sha256:c180f480207a9b2475f2b8d8bd7204e47aec952d084b2a2be58a782ffcf96074", size = 1548667, upload-time = "2026-03-31T21:56:52.81Z" },
    { url = "https://files.pythonhosted.org/packages/16/13/13296ffe2c132d888b3fe2c195c8b9c0c24c89c3fa5cc2c44464dc23b22e/aiohttp-3.13.5-cp310-cp310-musllinux_1_2_s390x.whl", hash = "sha256:2837fb92951564d6339cedae4a7231692aa9f73cbc4fb2e04263b96844e03b4e", size = 1724490, upload-time = "2026-03-31T21:56:54.541Z" },
    { url = "https://files.pythonhosted.org/packages/7a/b4/1f1c287f4a79782ef36e5a6e62954c85343bc30470d862d30bd5f26c9fa2/aiohttp-3.13.5-cp310-cp310-musllinux_1_2_x86_64.whl", hash = "sha256:d9010032a0b9710f58012a1e9c222528763d860ba2ee1422c03473eab47703e7", size = 1667109, upload-time = "2026-03-31T21:56:56.21Z" },
    { url = "https://files.pythonhosted.org/packages/ef/42/8461a2aaf60a8f4ea4549a4056be36b904b0eb03d97ca9a8a2604681a500/aiohttp-3.13.5-cp310-cp310-win32.whl", hash = "sha256:7c4b6668b2b2b9027f209ddf647f2a4407784b5d88b8be4efcc72036f365baf9", size = 439478, upload-time = "2026-03-31T21:56:58.292Z" },
    { url = "https://files.pythonhosted.org/packages/e5/71/06956304cb5ee439dfe8d86e1b2e70088bd88ed1ced1f42fb29e5d855f0e/aiohttp-3.13.5-cp310-cp310-win_amd64.whl", hash = "sha256:cd3db5927bf9167d5a6157ddb2f036f6b6b0ad001ac82355d43e97a4bde76d76", size = 462047, upload-time = "2026-03-31T21:57:00.257Z" },
    { url = "https://files.pythonhosted.org/packages/d6/f5/a20c4ac64aeaef1679e25c9983573618ff765d7aa829fa2b84ae7573169e/aiohttp-3.13.5-cp311-cp311-macosx_10_9_universal2.whl", hash = "sha256:7ab7229b6f9b5c1ba4910d6c41a9eb11f543eadb3f384df1b4c293f4e73d44d6", size = 757513, upload-time = "2026-03-31T21:57:02.146Z" },
    { url = "https://files.pythonhosted.org/packages/75/0a/39fa6c6b179b53fcb3e4b3d2b6d6cad0180854eda17060c7218540102bef/aiohttp-3.13.5-cp311-cp311-macosx_10_9_x86_64.whl", hash = "sha256:8f14c50708bb156b3a3ca7230b3d820199d56a48e3af76fa21c2d6087190fe3d", size = 506748, upload-time = "2026-03-31T21:57:04.275Z" },
    { url = "https://files.pythonhosted.org/packages/87/ec/e38ce072e724fd7add6243613f8d1810da084f54175353d25ccf9f9c7e5a/aiohttp-3.13.5-cp311-cp311-macosx_11_0_arm64.whl", hash = "sha256:e7d2f8616f0ff60bd332022279011776c3ac0faa0f1b463f7bb12326fbc97a1c", size = 501673, upload-time = "2026-03-31T21:57:06.208Z" },
    { url = "https://files.pythonhosted.org/packages/ba/ba/3bc7525d7e2beaa11b309a70d48b0d3cfc3c2089ec6a7d0820d59c657053/aiohttp-3.13.5-cp311-cp311-manylinux2014_aarch64.manylinux_2_17_aarch64.manylinux_2_28_aarch64.whl", hash = "sha256:a2567b72e1ffc3ab25510db43f355b29eeada56c0a622e58dcdb19530eb0a3cb", size = 1763757, upload-time = "2026-03-31T21:57:07.882Z" },
    { url = "https://files.pythonhosted.org/packages/5e/ab/e87744cf18f1bd78263aba24924d4953b41086bd3a31d22452378e9028a0/aiohttp-3.13.5-cp311-cp311-manylinux2014_armv7l.manylinux_2_17_armv7l.manylinux_2_31_armv7l.whl", hash = "sha256:fb0540c854ac9c0c5ad495908fdfd3e332d553ec731698c0e29b1877ba0d2ec6", size = 1720152, upload-time = "2026-03-31T21:57:09.946Z" },
    { url = "https://files.pythonhosted.org/packages/6b/f3/ed17a6f2d742af17b50bae2d152315ed1b164b07a5fd5cc1754d99e4dfa5/aiohttp-3.13.5-cp311-cp311-manylinux2014_ppc64le.manylinux_2_17_ppc64le.manylinux_2_28_ppc64le.whl", hash = "sha256:c9883051c6972f58bfc4ebb2116345ee2aa151178e99c3f2b2bbe2af712abd13", size = 1818010, upload-time = "2026-03-31T21:57:12.157Z" },
    { url = "https://files.pythonhosted.org/packages/53/06/ecbc63dc937192e2a5cb46df4d3edb21deb8225535818802f210a6ea5816/aiohttp-3.13.5-cp311-cp311-manylinux2014_s390x.manylinux_2_17_s390x.manylinux_2_28_s390x.whl", hash = "sha256:2294172ce08a82fb7c7273485895de1fa1186cc8294cfeb6aef4af42ad261174", size = 1907251, upload-time = "2026-03-31T21:57:14.023Z" },
    { url = "https://files.pythonhosted.org/packages/7e/a5/0521aa32c1ddf3aa1e71dcc466be0b7db2771907a13f18cddaa45967d97b/aiohttp-3.13.5-cp311-cp311-manylinux2014_x86_64.manylinux_2_17_x86_64.manylinux_2_28_x86_64.whl", hash = "sha256:3a807cabd5115fb55af198b98178997a5e0e57dead43eb74a93d9c07d6d4a7dc", size = 1759969, upload-time = "2026-03-31T21:57:16.146Z" },
    { url = "https://files.pythonhosted.org/packages/f6/78/a38f8c9105199dd3b9706745865a8a59d0041b6be0ca0cc4b2ccf1bab374/aiohttp-3.13.5-cp311-cp311-manylinux_2_31_riscv64.manylinux_2_39_riscv64.whl", hash = "sha256:aa6d0d932e0f39c02b80744273cd5c388a2d9bc07760a03164f229c8e02662f6", size = 1616871, upload-time = "2026-03-31T21:57:17.856Z" },
    { url = "https://files.pythonhosted.org/packages/6f/41/27392a61ead8ab38072105c71aa44ff891e71653fe53d576a7067da2b4e8/aiohttp-3.13.5-cp311-cp311-musllinux_1_2_aarch64.whl", hash = "sha256:60869c7ac4aaabe7110f26499f3e6e5696eae98144735b12a9c3d9eae2b51a49", size = 1739844, upload-time = "2026-03-31T21:57:19.679Z" },
    { url = "https://files.pythonhosted.org/packages/6e/55/5564e7ae26d94f3214250009a0b1c65a0c6af4bf88924ccb6fdab901de28/aiohttp-3.13.5-cp311-cp311-musllinux_1_2_armv7l.whl", hash = "sha256:26d2f8546f1dfa75efa50c3488215a903c0168d253b75fba4210f57ab77a0fb8", size = 1731969, upload-time = "2026-03-31T21:57:22.006Z" },
    { url = "https://files.pythonhosted.org/packages/6d/c5/705a3929149865fc941bcbdd1047b238e4a72bcb215a9b16b9d7a2e8d992/aiohttp-3.13.5-cp311-cp311-musllinux_1_2_ppc64le.whl", hash = "sha256:f1162a1492032c82f14271e831c8f4b49f2b6078f4f5fc74de2c912fa225d51d", size = 1795193, upload-time = "2026-03-31T21:57:24.256Z" },
    { url = "https://files.pythonhosted.org/packages/a6/19/edabed62f718d02cff7231ca0db4ef1c72504235bc467f7b67adb1679f48/aiohttp-3.13.5-cp311-cp311-musllinux_1_2_riscv64.whl", hash = "sha256:8b14eb3262fad0dc2f89c1a43b13727e709504972186ff6a99a3ecaa77102b6c", size = 1606477, upload-time = "2026-03-31T21:57:26.364Z" },
    { url = "https://files.pythonhosted.org/packages/de/fc/76f80ef008675637d88d0b21584596dc27410a990b0918cb1e5776545b5b/aiohttp-3.13.5-cp311-cp311-musllinux_1_2_s390x.whl", hash = "sha256:ca9ac61ac6db4eb6c2a0cd1d0f7e1357647b638ccc92f7e9d8d133e71ed3c6ac", size = 1813198, upload-time = "2026-03-31T21:57:28.316Z" },
    { url = "https://files.pythonhosted.org/packages/e5/67/5b3ac26b80adb20ea541c487f73730dc8fa107d632c998f25bbbab98fcda/aiohttp-3.13.5-cp311-cp311-musllinux_1_2_x86_64.whl", hash = "sha256:7996023b2ed59489ae4762256c8516df9820f751cf2c5da8ed2fb20ee50abab3", size = 1752321, upload-time = "2026-03-31T21:57:30.549Z" },
    { url = "https://files.pythonhosted.org/packages/88/06/e4a2e49255ea23fa4feeb5ab092d90240d927c15e47b5b5c48dff5a9ce29/aiohttp-3.13.5-cp311-cp311-win32.whl", hash = "sha256:77dfa48c9f8013271011e51c00f8ada19851f013cde2c48fca1ba5e0caf5bb06", size = 439069, upload-time = "2026-03-31T21:57:32.388Z" },
    { url = "https://files.pythonhosted.org/packages/c0/43/8c7163a596dab4f8be12c190cf467a1e07e4734cf90eebb39f7f5d53fc6a/aiohttp-3.13.5-cp311-cp311-win_amd64.whl", hash = "sha256:d3a4834f221061624b8887090637db9ad4f61752001eae37d56c52fddade2dc8", size = 462859, upload-time = "2026-03-31T21:57:34.455Z" },
    { url = "https://files.pythonhosted.org/packages/be/6f/353954c29e7dcce7cf00280a02c75f30e133c00793c7a2ed3776d7b2f426/aiohttp-3.13.5-cp312-cp312-macosx_10_13_universal2.whl", hash = "sha256:023ecba036ddd840b0b19bf195bfae970083fd7024ce1ac22e9bba90464620e9", size = 748876, upload-time = "2026-03-31T21:57:36.319Z" },
    { url = "https://files.pythonhosted.org/packages/f5/1b/428a7c64687b3b2e9cd293186695affc0e1e54a445d0361743b231f11066/aiohttp-3.13.5-cp312-cp312-macosx_10_13_x86_64.whl", hash = "sha256:15c933ad7920b7d9a20de151efcd05a6e38302cbf0e10c9b2acb9a42210a2416", size = 499557, upload-time = "2026-03-31T21:57:38.236Z" },
    { url = "https://files.pythonhosted.org/packages/29/47/7be41556bfbb6917069d6a6634bb7dd5e163ba445b783a90d40f5ac7e3a7/aiohttp-3.13.5-cp312-cp312-macosx_11_0_arm64.whl", hash = "sha256:ab2899f9fa2f9f741896ebb6fa07c4c883bfa5c7f2ddd8cf2aafa86fa981b2d2", size = 500258, upload-time = "2026-03-31T21:57:39.923Z" },
    { url = "https://files.pythonhosted.org/packages/67/84/c9ecc5828cb0b3695856c07c0a6817a99d51e2473400f705275a2b3d9239/aiohttp-3.13.5-cp312-cp312-manylinux2014_aarch64.manylinux_2_17_aarch64.manylinux_2_28_aarch64.whl", hash = "sha256:a60eaa2d440cd4707696b52e40ed3e2b0f73f65be07fd0ef23b6b539c9c0b0b4", size = 1749199, upload-time = "2026-03-31T21:57:41.938Z" },
    { url = "https://files.pythonhosted.org/packages/f0/d3/3c6d610e66b495657622edb6ae7c7fd31b2e9086b4ec50b47897ad6042a9/aiohttp-3.13.5-cp312-cp312-manylinux2014_armv7l.manylinux_2_17_armv7l.manylinux_2_31_armv7l.whl", hash = "sha256:55b3bdd3292283295774ab585160c4004f4f2f203946997f49aac032c84649e9", size = 1721013, upload-time = "2026-03-31T21:57:43.904Z" },
    { url = "https://files.pythonhosted.org/packages/49/a0/24409c12217456df0bae7babe3b014e460b0b38a8e60753d6cb339f6556d/aiohttp-3.13.5-cp312-cp312-manylinux2014_ppc64le.manylinux_2_17_ppc64le.manylinux_2_28_ppc64le.whl", hash = "sha256:c2b2355dc094e5f7d45a7bb262fe7207aa0460b37a0d87027dcf21b5d890e7d5", size = 1781501, upload-time = "2026-03-31T21:57:46.285Z" },
    { url = "https://files.pythonhosted.org/packages/98/9d/b65ec649adc5bccc008b0957a9a9c691070aeac4e41cea18559fef49958b/aiohttp-3.13.5-cp312-cp312-manylinux2014_s390x.manylinux_2_17_s390x.manylinux_2_28_s390x.whl", hash = "sha256:b38765950832f7d728297689ad78f5f2cf79ff82487131c4d26fe6ceecdc5f8e", size = 1878981, upload-time = "2026-03-31T21:57:48.734Z" },
    { url = "https://files.pythonhosted.org/packages/57/d8/8d44036d7eb7b6a8ec4c5494ea0c8c8b94fbc0ed3991c1a7adf230df03bf/aiohttp-3.13.5-cp312-cp312-manylinux2014_x86_64.manylinux_2_17_x86_64.manylinux_2_28_x86_64.whl", hash = "sha256:b18f31b80d5a33661e08c89e202edabf1986e9b49c42b4504371daeaa11b47c1", size = 1767934, upload-time = "2026-03-31T21:57:51.171Z" },
    { url = "https://files.pythonhosted.org/packages/31/04/d3f8211f273356f158e3464e9e45484d3fb8c4ce5eb2f6fe9405c3273983/aiohttp-3.13.5-cp312-cp312-manylinux_2_31_riscv64.manylinux_2_39_riscv64.whl", hash = "sha256:33add2463dde55c4f2d9635c6ab33ce154e5ecf322bd26d09af95c5f81cfa286", size = 1566671, upload-time = "2026-03-31T21:57:53.326Z" },
    { url = "https://files.pythonhosted.org/packages/41/db/073e4ebe00b78e2dfcacff734291651729a62953b48933d765dc513bf798/aiohttp-3.13.5-cp312-cp312-musllinux_1_2_aarch64.whl", hash = "sha256:327cc432fdf1356fb4fbc6fe833ad4e9f6aacb71a8acaa5f1855e4b25910e4a9", size = 1705219, upload-time = "2026-03-31T21:57:55.385Z" },
    { url = "https://files.pythonhosted.org/packages/48/45/7dfba71a2f9fd97b15c95c06819de7eb38113d2cdb6319669195a7d64270/aiohttp-3.13.5-cp312-cp312-musllinux_1_2_armv7l.whl", hash = "sha256:7c35b0bf0b48a70b4cb4fc5d7bed9b932532728e124874355de1a0af8ec4bc88", size = 1743049, upload-time = "2026-03-31T21:57:57.341Z" },
    { url = "https://files.pythonhosted.org/packages/18/71/901db0061e0f717d226386a7f471bb59b19566f2cae5f0d93874b017271f/aiohttp-3.13.5-cp312-cp312-musllinux_1_2_ppc64le.whl", hash = "sha256:df23d57718f24badef8656c49743e11a89fd6f5358fa8a7b96e728fda2abf7d3", size = 1749557, upload-time = "2026-03-31T21:57:59.626Z" },
    { url = "https://files.pythonhosted.org/packages/08/d5/41eebd16066e59cd43728fe74bce953d7402f2b4ddfdfef2c0e9f17ca274/aiohttp-3.13.5-cp312-cp312-musllinux_1_2_riscv64.whl", hash = "sha256:02e048037a6501a5ec1f6fc9736135aec6eb8a004ce48838cb951c515f32c80b", size = 1558931, upload-time = "2026-03-31T21:58:01.972Z" },
    { url = "https://files.pythonhosted.org/packages/30/e6/4a799798bf05740e66c3a1161079bda7a3dd8e22ca392481d7a7f9af82a6/aiohttp-3.13.5-cp312-cp312-musllinux_1_2_s390x.whl", hash = "sha256:31cebae8b26f8a615d2b546fee45d5ffb76852ae6450e2a03f42c9102260d6fe", size = 1774125, upload-time = "2026-03-31T21:58:04.007Z" },
    { url = "https://files.pythonhosted.org/packages/84/63/7749337c90f92bc2cb18f9560d67aa6258c7060d1397d21529b8004fcf6f/aiohttp-3.13.5-cp312-cp312-musllinux_1_2_x86_64.whl", hash = "sha256:888e78eb5ca55a615d285c3c09a7a91b42e9dd6fc699b166ebd5dee87c9ccf14", size = 1732427, upload-time = "2026-03-31T21:58:06.337Z" },
    { url = "https://files.pythonhosted.org/packages/98/de/cf2f44ff98d307e72fb97d5f5bbae3bfcb442f0ea9790c0bf5c5c2331404/aiohttp-3.13.5-cp312-cp312-win32.whl", hash = "sha256:8bd3ec6376e68a41f9f95f5ed170e2fcf22d4eb27a1f8cb361d0508f6e0557f3", size = 433534, upload-time = "2026-03-31T21:58:08.712Z" },
    { url = "https://files.pythonhosted.org/packages/aa/ca/eadf6f9c8fa5e31d40993e3db153fb5ed0b11008ad5d9de98a95045bed84/aiohttp-3.13.5-cp312-cp312-win_amd64.whl", hash = "sha256:110e448e02c729bcebb18c60b9214a87ba33bac4a9fa5e9a5f139938b56c6cb1", size = 460446, upload-time = "2026-03-31T21:58:10.945Z" },
    { url = "https://files.pythonhosted.org/packages/78/e9/d76bf503005709e390122d34e15256b88f7008e246c4bdbe915cd4f1adce/aiohttp-3.13.5-cp313-cp313-macosx_10_13_universal2.whl", hash = "sha256:a5029cc80718bbd545123cd8fe5d15025eccaaaace5d0eeec6bd556ad6163d61", size = 742930, upload-time = "2026-03-31T21:58:13.155Z" },
    { url = "https://files.pythonhosted.org/packages/57/00/4b7b70223deaebd9bb85984d01a764b0d7bd6526fcdc73cca83bcbe7243e/aiohttp-3.13.5-cp313-cp313-macosx_10_13_x86_64.whl", hash = "sha256:4bb6bf5811620003614076bdc807ef3b5e38244f9d25ca5fe888eaccea2a9832", size = 496927, upload-time = "2026-03-31T21:58:15.073Z" },
    { url = "https://files.pythonhosted.org/packages/9c/f5/0fb20fb49f8efdcdce6cd8127604ad2c503e754a8f139f5e02b01626523f/aiohttp-3.13.5-cp313-cp313-macosx_11_0_arm64.whl", hash = "sha256:a84792f8631bf5a94e52d9cc881c0b824ab42717165a5579c760b830d9392ac9", size = 497141, upload-time = "2026-03-31T21:58:17.009Z" },
    { url = "https://files.pythonhosted.org/packages/3b/86/b7c870053e36a94e8951b803cb5b909bfbc9b90ca941527f5fcafbf6b0fa/aiohttp-3.13.5-cp313-cp313-manylinux2014_aarch64.manylinux_2_17_aarch64.manylinux_2_28_aarch64.whl", hash = "sha256:57653eac22c6a4c13eb22ecf4d673d64a12f266e72785ab1c8b8e5940d0e8090", size = 1732476, upload-time = "2026-03-31T21:58:18.925Z" },
    { url = "https://files.pythonhosted.org/packages/b5/e5/4e161f84f98d80c03a238671b4136e6530453d65262867d989bbe78244d0/aiohttp-3.13.5-cp313-cp313-manylinux2014_armv7l.manylinux_2_17_armv7l.manylinux_2_31_armv7l.whl", hash = "sha256:e5e5f7debc7a57af53fdf5c5009f9391d9f4c12867049d509bf7bb164a6e295b", size = 1706507, upload-time = "2026-03-31T21:58:21.094Z" },
    { url = "https://files.pythonhosted.org/packages/d4/56/ea11a9f01518bd5a2a2fcee869d248c4b8a0cfa0bb13401574fa31adf4d4/aiohttp-3.13.5-cp313-cp313-manylinux2014_ppc64le.manylinux_2_17_ppc64le.manylinux_2_28_ppc64le.whl", hash = "sha256:c719f65bebcdf6716f10e9eff80d27567f7892d8988c06de12bbbd39307c6e3a", size = 1773465, upload-time = "2026-03-31T21:58:23.159Z" },
    { url = "https://files.pythonhosted.org/packages/eb/40/333ca27fb74b0383f17c90570c748f7582501507307350a79d9f9f3c6eb1/aiohttp-3.13.5-cp313-cp313-manylinux2014_s390x.manylinux_2_17_s390x.manylinux_2_28_s390x.whl", hash = "sha256:d97f93fdae594d886c5a866636397e2bcab146fd7a132fd6bb9ce182224452f8", size = 1873523, upload-time = "2026-03-31T21:58:25.59Z" },
    { url = "https://files.pythonhosted.org/packages/f0/d2/e2f77eef1acb7111405433c707dc735e63f67a56e176e72e9e7a2cd3f493/aiohttp-3.13.5-cp313-cp313-manylinux2014_x86_64.manylinux_2_17_x86_64.manylinux_2_28_x86_64.whl", hash = "sha256:3df334e39d4c2f899a914f1dba283c1aadc311790733f705182998c6f7cae665", size = 1754113, upload-time = "2026-03-31T21:58:27.624Z" },
    { url = "https://files.pythonhosted.org/packages/fb/56/3f653d7f53c89669301ec9e42c95233e2a0c0a6dd051269e6e678db4fdb0/aiohttp-3.13.5-cp313-cp313-manylinux_2_31_riscv64.manylinux_2_39_riscv64.whl", hash = "sha256:fe6970addfea9e5e081401bcbadf865d2b6da045472f58af08427e108d618540", size = 1562351, upload-time = "2026-03-31T21:58:29.918Z" },
    { url = "https://files.pythonhosted.org/packages/ec/a6/9b3e91eb8ae791cce4ee736da02211c85c6f835f1bdfac0594a8a3b7018c/aiohttp-3.13.5-cp313-cp313-musllinux_1_2_aarch64.whl", hash = "sha256:7becdf835feff2f4f335d7477f121af787e3504b48b449ff737afb35869ba7bb", size = 1693205, upload-time = "2026-03-31T21:58:32.214Z" },
    { url = "https://files.pythonhosted.org/packages/98/fc/bfb437a99a2fcebd6b6eaec609571954de2ed424f01c352f4b5504371dd3/aiohttp-3.13.5-cp313-cp313-musllinux_1_2_armv7l.whl", hash = "sha256:676e5651705ad5d8a70aeb8eb6936c436d8ebbd56e63436cb7dd9bb36d2a9a46", size = 1730618, upload-time = "2026-03-31T21:58:34.728Z" },
    { url = "https://files.pythonhosted.org/packages/e4/b6/c8534862126191a034f68153194c389addc285a0f1347d85096d349bbc15/aiohttp-3.13.5-cp313-cp313-musllinux_1_2_ppc64le.whl", hash = "sha256:9b16c653d38eb1a611cc898c41e76859ca27f119d25b53c12875fd0474ae31a8", size = 1745185, upload-time = "2026-03-31T21:58:36.909Z" },
    { url = "https://files.pythonhosted.org/packages/0b/93/4ca8ee2ef5236e2707e0fd5fecb10ce214aee1ff4ab307af9c558bda3b37/aiohttp-3.13.5-cp313-cp313-musllinux_1_2_riscv64.whl", hash = "sha256:999802d5fa0389f58decd24b537c54aa63c01c3219ce17d1214cbda3c2b22d2d", size = 1557311, upload-time = "2026-03-31T21:58:39.38Z" },
    { url = "https://files.pythonhosted.org/packages/57/ae/76177b15f18c5f5d094f19901d284025db28eccc5ae374d1d254181d33f4/aiohttp-3.13.5-cp313-cp313-musllinux_1_2_s390x.whl", hash = "sha256:ec707059ee75732b1ba130ed5f9580fe10ff75180c812bc267ded039db5128c6", size = 1773147, upload-time = "2026-03-31T21:58:41.476Z" },
    { url = "https://files.pythonhosted.org/packages/01/a4/62f05a0a98d88af59d93b7fcac564e5f18f513cb7471696ac286db970d6a/aiohttp-3.13.5-cp313-cp313-musllinux_1_2_x86_64.whl", hash = "sha256:2d6d44a5b48132053c2f6cd5c8cb14bc67e99a63594e336b0f2af81e94d5530c", size = 1730356, upload-time = "2026-03-31T21:58:44.049Z" },
    { url = "https://files.pythonhosted.org/packages/e4/85/fc8601f59dfa8c9523808281f2da571f8b4699685f9809a228adcc90838d/aiohttp-3.13.5-cp313-cp313-win32.whl", hash = "sha256:329f292ed14d38a6c4c435e465f48bebb47479fd676a0411936cc371643225cc", size = 432637, upload-time = "2026-03-31T21:58:46.167Z" },
    { url = "https://files.pythonhosted.org/packages/c0/1b/ac685a8882896acf0f6b31d689e3792199cfe7aba37969fa91da63a7fa27/aiohttp-3.13.5-cp313-cp313-win_amd64.whl", hash = "sha256:69f571de7500e0557801c0b51f4780482c0ec5fe2ac851af5a92cfce1af1cb83", size = 458896, upload-time = "2026-03-31T21:58:48.119Z" },
    { url = "https://files.pythonhosted.org/packages/5d/ce/46572759afc859e867a5bc8ec3487315869013f59281ce61764f76d879de/aiohttp-3.13.5-cp314-cp314-macosx_10_13_universal2.whl", hash = "sha256:eb4639f32fd4a9904ab8fb45bf3383ba71137f3d9d4ba25b3b3f3109977c5b8c", size = 745721, upload-time = "2026-03-31T21:58:50.229Z" },
    { url = "https://files.pythonhosted.org/packages/13/fe/8a2efd7626dbe6049b2ef8ace18ffda8a4dfcbe1bcff3ac30c0c7575c20b/aiohttp-3.13.5-cp314-cp314-macosx_10_13_x86_64.whl", hash = "sha256:7e5dc4311bd5ac493886c63cbf76ab579dbe4641268e7c74e48e774c74b6f2be", size = 497663, upload-time = "2026-03-31T21:58:52.232Z" },
    { url = "https://files.pythonhosted.org/packages/9b/91/cc8cc78a111826c54743d88651e1687008133c37e5ee615fee9b57990fac/aiohttp-3.13.5-cp314-cp314-macosx_11_0_arm64.whl", hash = "sha256:756c3c304d394977519824449600adaf2be0ccee76d206ee339c5e76b70ded25", size = 499094, upload-time = "2026-03-31T21:58:54.566Z" },
    { url = "https://files.pythonhosted.org/packages/0a/33/a8362cb15cf16a3af7e86ed11962d5cd7d59b449202dc576cdc731310bde/aiohttp-3.13.5-cp314-cp314-manylinux2014_aarch64.manylinux_2_17_aarch64.manylinux_2_28_aarch64.whl", hash = "sha256:ecc26751323224cf8186efcf7fbcbc30f4e1d8c7970659daf25ad995e4032a56", size = 1726701, upload-time = "2026-03-31T21:58:56.864Z" },
    { url = "https://files.pythonhosted.org/packages/45/0c/c091ac5c3a17114bd76cbf85d674650969ddf93387876cf67f754204bd77/aiohttp-3.13.5-cp314-cp314-manylinux2014_armv7l.manylinux_2_17_armv7l.manylinux_2_31_armv7l.whl", hash = "sha256:10a75acfcf794edf9d8db50e5a7ec5fc818b2a8d3f591ce93bc7b1210df016d2", size = 1683360, upload-time = "2026-03-31T21:58:59.072Z" },
    { url = "https://files.pythonhosted.org/packages/23/73/bcee1c2b79bc275e964d1446c55c54441a461938e70267c86afaae6fba27/aiohttp-3.13.5-cp314-cp314-manylinux2014_ppc64le.manylinux_2_17_ppc64le.manylinux_2_28_ppc64le.whl", hash = "sha256:0f7a18f258d124cd678c5fe072fe4432a4d5232b0657fca7c1847f599233c83a", size = 1773023, upload-time = "2026-03-31T21:59:01.776Z" },
    { url = "https://files.pythonhosted.org/packages/c7/ef/720e639df03004fee2d869f771799d8c23046dec47d5b81e396c7cda583a/aiohttp-3.13.5-cp314-cp314-manylinux2014_s390x.manylinux_2_17_s390x.manylinux_2_28_s390x.whl", hash = "sha256:df6104c009713d3a89621096f3e3e88cc323fd269dbd7c20afe18535094320be", size = 1853795, upload-time = "2026-03-31T21:59:04.568Z" },
    { url = "https://files.pythonhosted.org/packages/bd/c9/989f4034fb46841208de7aeeac2c6d8300745ab4f28c42f629ba77c2d916/aiohttp-3.13.5-cp314-cp314-manylinux2014_x86_64.manylinux_2_17_x86_64.manylinux_2_28_x86_64.whl", hash = "sha256:241a94f7de7c0c3b616627aaad530fe2cb620084a8b144d3be7b6ecfe95bae3b", size = 1730405, upload-time = "2026-03-31T21:59:07.221Z" },
    { url = "https://files.pythonhosted.org/packages/ce/75/ee1fd286ca7dc599d824b5651dad7b3be7ff8d9a7e7b3fe9820d9180f7db/aiohttp-3.13.5-cp314-cp314-manylinux_2_31_riscv64.manylinux_2_39_riscv64.whl", hash = "sha256:c974fb66180e58709b6fc402846f13791240d180b74de81d23913abe48e96d94", size = 1558082, upload-time = "2026-03-31T21:59:09.484Z" },
    { url = "https://files.pythonhosted.org/packages/c3/20/1e9e6650dfc436340116b7aa89ff8cb2bbdf0abc11dfaceaad8f74273a10/aiohttp-3.13.5-cp314-cp314-musllinux_1_2_aarch64.whl", hash = "sha256:6e27ea05d184afac78aabbac667450c75e54e35f62238d44463131bd3f96753d", size = 1692346, upload-time = "2026-03-31T21:59:12.068Z" },
    { url = "https://files.pythonhosted.org/packages/d8/40/8ebc6658d48ea630ac7903912fe0dd4e262f0e16825aa4c833c56c9f1f56/aiohttp-3.13.5-cp314-cp314-musllinux_1_2_armv7l.whl", hash = "sha256:a79a6d399cef33a11b6f004c67bb07741d91f2be01b8d712d52c75711b1e07c7", size = 1698891, upload-time = "2026-03-31T21:59:14.552Z" },
    { url = "https://files.pythonhosted.org/packages/d8/78/ea0ae5ec8ba7a5c10bdd6e318f1ba5e76fcde17db8275188772afc7917a4/aiohttp-3.13.5-cp314-cp314-musllinux_1_2_ppc64le.whl", hash = "sha256:c632ce9c0b534fbe25b52c974515ed674937c5b99f549a92127c85f771a78772", size = 1742113, upload-time = "2026-03-31T21:59:17.068Z" },
    { url = "https://files.pythonhosted.org/packages/8a/66/9d308ed71e3f2491be1acb8769d96c6f0c47d92099f3bc9119cada27b357/aiohttp-3.13.5-cp314-cp314-musllinux_1_2_riscv64.whl", hash = "sha256:fceedde51fbd67ee2bcc8c0b33d0126cc8b51ef3bbde2f86662bd6d5a6f10ec5", size = 1553088, upload-time = "2026-03-31T21:59:19.541Z" },
    { url = "https://files.pythonhosted.org/packages/da/a6/6cc25ed8dfc6e00c90f5c6d126a98e2cf28957ad06fa1036bd34b6f24a2c/aiohttp-3.13.5-cp314-cp314-musllinux_1_2_s390x.whl", hash = "sha256:f92995dfec9420bb69ae629abf422e516923ba79ba4403bc750d94fb4a6c68c1", size = 1757976, upload-time = "2026-03-31T21:59:22.311Z" },
    { url = "https://files.pythonhosted.org/packages/c1/2b/cce5b0ffe0de99c83e5e36d8f828e4161e415660a9f3e58339d07cce3006/aiohttp-3.13.5-cp314-cp314-musllinux_1_2_x86_64.whl", hash = "sha256:20ae0ff08b1f2c8788d6fb85afcb798654ae6ba0b747575f8562de738078457b", size = 1712444, upload-time = "2026-03-31T21:59:24.635Z" },
    { url = "https://files.pythonhosted.org/packages/6c/cf/9e1795b4160c58d29421eafd1a69c6ce351e2f7c8d3c6b7e4ca44aea1a5b/aiohttp-3.13.5-cp314-cp314-win32.whl", hash = "sha256:b20df693de16f42b2472a9c485e1c948ee55524786a0a34345511afdd22246f3", size = 438128, upload-time = "2026-03-31T21:59:27.291Z" },
    { url = "https://files.pythonhosted.org/packages/22/4d/eaedff67fc805aeba4ba746aec891b4b24cebb1a7d078084b6300f79d063/aiohttp-3.13.5-cp314-cp314-win_amd64.whl", hash = "sha256:f85c6f327bf0b8c29da7d93b1cabb6363fb5e4e160a32fa241ed2dce21b73162", size = 464029, upload-time = "2026-03-31T21:59:29.429Z" },
    { url = "https://files.pythonhosted.org/packages/79/11/c27d9332ee20d68dd164dc12a6ecdef2e2e35ecc97ed6cf0d2442844624b/aiohttp-3.13.5-cp314-cp314t-macosx_10_13_universal2.whl", hash = "sha256:1efb06900858bb618ff5cee184ae2de5828896c448403d51fb633f09e109be0a", size = 778758, upload-time = "2026-03-31T21:59:31.547Z" },
    { url = "https://files.pythonhosted.org/packages/04/fb/377aead2e0a3ba5f09b7624f702a964bdf4f08b5b6728a9799830c80041e/aiohttp-3.13.5-cp314-cp314t-macosx_10_13_x86_64.whl", hash = "sha256:fee86b7c4bd29bdaf0d53d14739b08a106fdda809ca5fe032a15f52fae5fe254", size = 512883, upload-time = "2026-03-31T21:59:34.098Z" },
    { url = "https://files.pythonhosted.org/packages/bb/a6/aa109a33671f7a5d3bd78b46da9d852797c5e665bfda7d6b373f56bff2ec/aiohttp-3.13.5-cp314-cp314t-macosx_11_0_arm64.whl", hash = "sha256:20058e23909b9e65f9da62b396b77dfa95965cbe840f8def6e572538b1d32e36", size = 516668, upload-time = "2026-03-31T21:59:36.497Z" },
    { url = "https://files.pythonhosted.org/packages/79/b3/ca078f9f2fa9563c36fb8ef89053ea2bb146d6f792c5104574d49d8acb63/aiohttp-3.13.5-cp314-cp314t-manylinux2014_aarch64.manylinux_2_17_aarch64.manylinux_2_28_aarch64.whl", hash = "sha256:8cf20a8d6868cb15a73cab329ffc07291ba8c22b1b88176026106ae39aa6df0f", size = 1883461, upload-time = "2026-03-31T21:59:38.723Z" },
    { url = "https://files.pythonhosted.org/packages/b7/e3/a7ad633ca1ca497b852233a3cce6906a56c3225fb6d9217b5e5e60b7419d/aiohttp-3.13.5-cp314-cp314t-manylinux2014_armv7l.manylinux_2_17_armv7l.manylinux_2_31_armv7l.whl", hash = "sha256:330f5da04c987f1d5bdb8ae189137c77139f36bd1cb23779ca1a354a4b027800", size = 1747661, upload-time = "2026-03-31T21:59:41.187Z" },
    { url = "https://files.pythonhosted.org/packages/33/b9/cd6fe579bed34a906d3d783fe60f2fa297ef55b27bb4538438ee49d4dc41/aiohttp-3.13.5-cp314-cp314t-manylinux2014_ppc64le.manylinux_2_17_ppc64le.manylinux_2_28_ppc64le.whl", hash = "sha256:6f1cbf0c7926d315c3c26c2da41fd2b5d2fe01ac0e157b78caefc51a782196cf", size = 1863800, upload-time = "2026-03-31T21:59:43.84Z" },
    { url = "https://files.pythonhosted.org/packages/c0/3f/2c1e2f5144cefa889c8afd5cf431994c32f3b29da9961698ff4e3811b79a/aiohttp-3.13.5-cp314-cp314t-manylinux2014_s390x.manylinux_2_17_s390x.manylinux_2_28_s390x.whl", hash = "sha256:53fc049ed6390d05423ba33103ded7281fe897cf97878f369a527070bd95795b", size = 1958382, upload-time = "2026-03-31T21:59:46.187Z" },
    { url = "https://files.pythonhosted.org/packages/66/1d/f31ec3f1013723b3babe3609e7f119c2c2fb6ef33da90061a705ef3e1bc8/aiohttp-3.13.5-cp314-cp314t-manylinux2014_x86_64.manylinux_2_17_x86_64.manylinux_2_28_x86_64.whl", hash = "sha256:898703aa2667e3c5ca4c54ca36cd73f58b7a38ef87a5606414799ebce4d3fd3a", size = 1803724, upload-time = "2026-03-31T21:59:48.656Z" },
    { url = "https://files.pythonhosted.org/packages/0e/b4/57712dfc6f1542f067daa81eb61da282fab3e6f1966fca25db06c4fc62d5/aiohttp-3.13.5-cp314-cp314t-manylinux_2_31_riscv64.manylinux_2_39_riscv64.whl", hash = "sha256:0494a01ca9584eea1e5fbd6d748e61ecff218c51b576ee1999c23db7066417d8", size = 1640027, upload-time = "2026-03-31T21:59:51.284Z" },
    { url = "https://files.pythonhosted.org/packages/25/3c/734c878fb43ec083d8e31bf029daae1beafeae582d1b35da234739e82ee7/aiohttp-3.13.5-cp314-cp314t-musllinux_1_2_aarch64.whl", hash = "sha256:6cf81fe010b8c17b09495cbd15c1d35afbc8fb405c0c9cf4738e5ae3af1d65be", size = 1806644, upload-time = "2026-03-31T21:59:53.753Z" },
    { url = "https://files.pythonhosted.org/packages/20/a5/f671e5cbec1c21d044ff3078223f949748f3a7f86b14e34a365d74a5d21f/aiohttp-3.13.5-cp314-cp314t-musllinux_1_2_armv7l.whl", hash = "sha256:c564dd5f09ddc9d8f2c2d0a301cd30a79a2cc1b46dd1a73bef8f0038863d016b", size = 1791630, upload-time = "2026-03-31T21:59:56.239Z" },
    { url = "https://files.pythonhosted.org/packages/0b/63/fb8d0ad63a0b8a99be97deac8c04dacf0785721c158bdf23d679a87aa99e/aiohttp-3.13.5-cp314-cp314t-musllinux_1_2_ppc64le.whl", hash = "sha256:2994be9f6e51046c4f864598fd9abeb4fba6e88f0b2152422c9666dcd4aea9c6", size = 1809403, upload-time = "2026-03-31T21:59:59.103Z" },
    { url = "https://files.pythonhosted.org/packages/59/0c/bfed7f30662fcf12206481c2aac57dedee43fe1c49275e85b3a1e1742294/aiohttp-3.13.5-cp314-cp314t-musllinux_1_2_riscv64.whl", hash = "sha256:157826e2fa245d2ef46c83ea8a5faf77ca19355d278d425c29fda0beb3318037", size = 1634924, upload-time = "2026-03-31T22:00:02.116Z" },
    { url = "https://files.pythonhosted.org/packages/17/d6/fd518d668a09fd5a3319ae5e984d4d80b9a4b3df4e21c52f02251ef5a32e/aiohttp-3.13.5-cp314-cp314t-musllinux_1_2_s390x.whl", hash = "sha256:a8aca50daa9493e9e13c0f566201a9006f080e7c50e5e90d0b06f53146a54500", size = 1836119, upload-time = "2026-03-31T22:00:04.756Z" },
    { url = "https://files.pythonhosted.org/packages/78/b7/15fb7a9d52e112a25b621c67b69c167805cb1f2ab8f1708a5c490d1b52fe/aiohttp-3.13.5-cp314-cp314t-musllinux_1_2_x86_64.whl", hash = "sha256:3b13560160d07e047a93f23aaa30718606493036253d5430887514715b67c9d9", size = 1772072, upload-time = "2026-03-31T22:00:07.494Z" },
    { url = "https://files.pythonhosted.org/packages/7e/df/57ba7f0c4a553fc2bd8b6321df236870ec6fd64a2a473a8a13d4f733214e/aiohttp-3.13.5-cp314-cp314t-win32.whl", hash = "sha256:9a0f4474b6ea6818b41f82172d799e4b3d29e22c2c520ce4357856fced9af2f8", size = 471819, upload-time = "2026-03-31T22:00:10.277Z" },
    { url = "https://files.pythonhosted.org/packages/62/29/2f8418269e46454a26171bfdd6a055d74febf32234e474930f2f60a17145/aiohttp-3.13.5-cp314-cp314t-win_amd64.whl", hash = "sha256:18a2f6c1182c51baa1d28d68fea51513cb2a76612f038853c0ad3c145423d3d9", size = 505441, upload-time = "2026-03-31T22:00:12.791Z" },
]

[[package]]
name = "aiosignal"
version = "1.4.0"
source = { registry = "https://pypi.org/simple" }
dependencies = [
    { name = "frozenlist" },
    { name = "typing-extensions", marker = "python_full_version < '3.13'" },
]
sdist = { url = "https://files.pythonhosted.org/packages/61/62/06741b579156360248d1ec624842ad0edf697050bbaf7c3e46394e106ad1/aiosignal-1.4.0.tar.gz", hash = "sha256:f47eecd9468083c2029cc99945502cb7708b082c232f9aca65da147157b251c7", size = 25007, upload-time = "2025-07-03T22:54:43.528Z" }
wheels = [
    { url = "https://files.pythonhosted.org/packages/fb/76/641ae371508676492379f16e2fa48f4e2c11741bd63c48be4b12a6b09cba/aiosignal-1.4.0-py3-none-any.whl", hash = "sha256:053243f8b92b990551949e63930a839ff0cf0b0ebbe0597b0f3fb19e1a0fe82e", size = 7490, upload-time = "2025-07-03T22:54:42.156Z" },
]

[[package]]
name = "aiosqlite"
version = "0.22.1"
source = { registry = "https://pypi.org/simple" }
sdist = { url = "https://files.pythonhosted.org/packages/4e/8a/64761f4005f17809769d23e518d915db74e6310474e733e3593cfc854ef1/aiosqlite-0.22.1.tar.gz", hash = "sha256:043e0bd78d32888c0a9ca90fc788b38796843360c855a7262a532813133a0650", size = 14821, upload-time = "2025-12-23T19:25:43.997Z" }
wheels = [
    { url = "https://files.pythonhosted.org/packages/00/b7/e3bf5133d697a08128598c8d0abc5e16377b51465a33756de24fa7dee953/aiosqlite-0.22.1-py3-none-any.whl", hash = "sha256:21c002eb13823fad740196c5a2e9d8e62f6243bd9e7e4a1f87fb5e44ecb4fceb", size = 17405, upload-time = "2025-12-23T19:25:42.139Z" },
]

[[package]]
name = "annotated-types"
version = "0.7.0"
source = { registry = "https://pypi.org/simple" }
sdist = { url = "https://files.pythonhosted.org/packages/ee/67/531ea369ba64dcff5ec9c3402f9f51bf748cec26dde048a2f973a4eea7f5/annotated_types-0.7.0.tar.gz", hash = "sha256:aff07c09a53a08bc8cfccb9c85b05f1aa9a2a6f23728d790723543408344ce89", size = 16081, upload-time = "2024-05-20T21:33:25.928Z" }
wheels = [
    { url = "https://files.pythonhosted.org/packages/78/b6/6307fbef88d9b5ee7421e68d78a9f162e0da4900bc5f5793f6d3d0e34fb8/annotated_types-0.7.0-py3-none-any.whl", hash = "sha256:1f02e8b43a8fbbc3f3e0d4f0f4bfc8131bcb4eebe8849b8e5c773f3a1c582a53", size = 13643, upload-time = "2024-05-20T21:33:24.1Z" },
]

[[package]]
name = "anyio"
version = "4.13.0"
source = { registry = "https://pypi.org/simple" }
dependencies = [
    { name = "exceptiongroup", marker = "python_full_version < '3.11'" },
    { name = "idna" },
    { name = "typing-extensions", marker = "python_full_version < '3.13'" },
]
sdist = { url = "https://files.pythonhosted.org/packages/19/14/2c5dd9f512b66549ae92767a9c7b330ae88e1932ca57876909410251fe13/anyio-4.13.0.tar.gz", hash = "sha256:334b70e641fd2221c1505b3890c69882fe4a2df910cba14d97019b90b24439dc", size = 231622, upload-time = "2026-03-24T12:59:09.671Z" }
wheels = [
    { url = "https://files.pythonhosted.org/packages/da/42/e921fccf5015463e32a3cf6ee7f980a6ed0f395ceeaa45060b61d86486c2/anyio-4.13.0-py3-none-any.whl", hash = "sha256:08b310f9e24a9594186fd75b4f73f4a4152069e3853f1ed8bfbf58369f4ad708", size = 114353, upload-time = "2026-03-24T12:59:08.246Z" },
]

[[package]]
name = "appnope"
version = "0.1.4"
source = { registry = "https://pypi.org/simple" }
sdist = { url = "https://files.pythonhosted.org/packages/35/5d/752690df9ef5b76e169e68d6a129fa6d08a7100ca7f754c89495db3c6019/appnope-0.1.4.tar.gz", hash = "sha256:1de3860566df9caf38f01f86f65e0e13e379af54f9e4bee1e66b48f2efffd1ee", size = 4170, upload-time = "2024-02-06T09:43:11.258Z" }
wheels = [
    { url = "https://files.pythonhosted.org/packages/81/29/5ecc3a15d5a33e31b26c11426c45c501e439cb865d0bff96315d86443b78/appnope-0.1.4-py2.py3-none-any.whl", hash = "sha256:502575ee11cd7a28c0205f379b525beefebab9d161b7c964670864014ed7213c", size = 4321, upload-time = "2024-02-06T09:43:09.663Z" },
]

[[package]]
name = "argon2-cffi"
version = "25.1.0"
source = { registry = "https://pypi.org/simple" }
dependencies = [
    { name = "argon2-cffi-bindings" },
]
sdist = { url = "https://files.pythonhosted.org/packages/0e/89/ce5af8a7d472a67cc819d5d998aa8c82c5d860608c4db9f46f1162d7dab9/argon2_cffi-25.1.0.tar.gz", hash = "sha256:694ae5cc8a42f4c4e2bf2ca0e64e51e23a040c6a517a85074683d3959e1346c1", size = 45706, upload-time = "2025-06-03T06:55:32.073Z" }
wheels = [
    { url = "https://files.pythonhosted.org/packages/4f/d3/a8b22fa575b297cd6e3e3b0155c7e25db170edf1c74783d6a31a2490b8d9/argon2_cffi-25.1.0-py3-none-any.whl", hash = "sha256:fdc8b074db390fccb6eb4a3604ae7231f219aa669a2652e0f20e16ba513d5741", size = 14657, upload-time = "2025-06-03T06:55:30.804Z" },
]

[[package]]
name = "argon2-cffi-bindings"
version = "25.1.0"
source = { registry = "https://pypi.org/simple" }
dependencies = [
    { name = "cffi" },
]
sdist = { url = "https://files.pythonhosted.org/packages/5c/2d/db8af0df73c1cf454f71b2bbe5e356b8c1f8041c979f505b3d3186e520a9/argon2_cffi_bindings-25.1.0.tar.gz", hash = "sha256:b957f3e6ea4d55d820e40ff76f450952807013d361a65d7f28acc0acbf29229d", size = 1783441, upload-time = "2025-07-30T10:02:05.147Z" }
wheels = [
    { url = "https://files.pythonhosted.org/packages/60/97/3c0a35f46e52108d4707c44b95cfe2afcafc50800b5450c197454569b776/argon2_cffi_bindings-25.1.0-cp314-cp314t-macosx_10_13_universal2.whl", hash = "sha256:3d3f05610594151994ca9ccb3c771115bdb4daef161976a266f0dd8aa9996b8f", size = 54393, upload-time = "2025-07-30T10:01:40.97Z" },
    { url = "https://files.pythonhosted.org/packages/9d/f4/98bbd6ee89febd4f212696f13c03ca302b8552e7dbf9c8efa11ea4a388c3/argon2_cffi_bindings-25.1.0-cp314-cp314t-macosx_10_13_x86_64.whl", hash = "sha256:8b8efee945193e667a396cbc7b4fb7d357297d6234d30a489905d96caabde56b", size = 29328, upload-time = "2025-07-30T10:01:41.916Z" },
    { url = "https://files.pythonhosted.org/packages/43/24/90a01c0ef12ac91a6be05969f29944